
Microsoft Visual Studio Solution File, Format Version 12.00
# Visual Studio Version 16
VisualStudioVersion = 16.0.30717.126
MinimumVisualStudioVersion = 10.0.40219.1
Project("{FAE04EC0-301F-11D3-BF4B-00C04F79EFBC}") = "AddressLookup", "AddressLookup\AddressLookup.csproj", "{093B4010-37FD-45FA-A581-A30453C2F443}"
EndProject
Project("{FAE04EC0-301F-11D3-BF4B-00C04F79EFBC}") = "CommonPathAndData", "CommonPathAndData\CommonPathAndData.csproj", "{74EB7047-9C4B-44E9-A97E-B3C582C5290B}"
EndProject
Global
	GlobalSection(SolutionConfigurationPlatforms) = preSolution
		Debug|Any CPU = Debug|Any CPU
		Release|Any CPU = Release|Any CPU
	EndGlobalSection
	GlobalSection(ProjectConfigurationPlatforms) = postSolution
		{093B4010-37FD-45FA-A581-A30453C2F443}.Debug|Any CPU.ActiveCfg = Debug|Any CPU
		{093B4010-37FD-45FA-A581-A30453C2F443}.Debug|Any CPU.Build.0 = Debug|Any CPU
		{093B4010-37FD-45FA-A581-A30453C2F443}.Release|Any CPU.ActiveCfg = Release|Any CPU
		{093B4010-37FD-45FA-A581-A30453C2F443}.Release|Any CPU.Build.0 = Release|Any CPU
		{74EB7047-9C4B-44E9-A97E-B3C582C5290B}.Debug|Any CPU.ActiveCfg = Debug|Any CPU
		{74EB7047-9C4B-44E9-A97E-B3C582C5290B}.Debug|Any CPU.Build.0 = Debug|Any CPU
		{74EB7047-9C4B-44E9-A97E-B3C582C5290B}.Release|Any CPU.ActiveCfg = Release|Any CPU
		{74EB7047-9C4B-44E9-A97E-B3C582C5290B}.Release|Any CPU.Build.0 = Release|Any CPU
	EndGlobalSection
	GlobalSection(SolutionProperties) = preSolution
		HideSolutionNode = FALSE
	EndGlobalSection
	GlobalSection(ExtensibilityGlobals) = postSolution
		SolutionGuid = {D7CCDFC7-D359-46A0-8AD0-FE2A665C742C}
	EndGlobalSection
EndGlobal
